
Microsoft Visual Studio Solution File, Format Version 12.00
# Visual Studio 15
VisualStudioVersion = 15.0.28010.2026
MinimumVisualStudioVersion = 10.0.40219.1
Project("{2150E333-8FDC-42A3-9474-1A3956D46DE8}") = "Tip06-Zen Coding", "Tip06-Zen Coding", "{E1334791-4EBC-4B3F-8361-D0BAF11B6ACD}"
EndProject
Project("{9A19103F-16F7-4668-BE54-9A1E7A4F7556}") = "BasicCoreApp", "BasicCoreApp\BasicCoreApp.csproj", "{1A643653-1B93-4CE9-8F51-B224F2B8826B}"
EndProject
Global
	GlobalSection(SolutionConfigurationPlatforms) = preSolution
		Debug|Any CPU = Debug|Any CPU
		Release|Any CPU = Release|Any CPU
	EndGlobalSection
	GlobalSection(ProjectConfigurationPlatforms) = postSolution
		{1A643653-1B93-4CE9-8F51-B224F2B8826B}.Debug|Any CPU.ActiveCfg = Debug|Any CPU
		{1A643653-1B93-4CE9-8F51-B224F2B8826B}.Debug|Any CPU.Build.0 = Debug|Any CPU
		{1A643653-1B93-4CE9-8F51-B224F2B8826B}.Release|Any CPU.ActiveCfg = Release|Any CPU
		{1A643653-1B93-4CE9-8F51-B224F2B8826B}.Release|Any CPU.Build.0 = Release|Any CPU
	EndGlobalSection
	GlobalSection(SolutionProperties) = preSolution
		HideSolutionNode = FALSE
	EndGlobalSection
	GlobalSection(ExtensibilityGlobals) = postSolution
		SolutionGuid = {EC300C6E-1970-4A0A-A969-3FF3911E65AF}
	EndGlobalSection
EndGlobal
