
Microsoft Visual Studio Solution File, Format Version 12.00
# Visual Studio 15
VisualStudioVersion = 15.0.28010.2026
MinimumVisualStudioVersion = 10.0.40219.1
Project("{2150E333-8FDC-42A3-9474-1A3956D46DE8}") = "Tip03-BrowserLink", "Tip03-BrowserLink", "{FE3796AB-31CE-46B1-BE7F-5BCDDA1142BB}"
EndProject
Project("{9A19103F-16F7-4668-BE54-9A1E7A4F7556}") = "RouxAcademy", "RouxAcademy\RouxAcademy.csproj", "{5D13321B-4925-4CE7-BFC8-BC79DF093DD7}"
EndProject
Global
	GlobalSection(SolutionConfigurationPlatforms) = preSolution
		Debug|Any CPU = Debug|Any CPU
		Release|Any CPU = Release|Any CPU
	EndGlobalSection
	GlobalSection(ProjectConfigurationPlatforms) = postSolution
		{5D13321B-4925-4CE7-BFC8-BC79DF093DD7}.Debug|Any CPU.ActiveCfg = Debug|Any CPU
		{5D13321B-4925-4CE7-BFC8-BC79DF093DD7}.Debug|Any CPU.Build.0 = Debug|Any CPU
		{5D13321B-4925-4CE7-BFC8-BC79DF093DD7}.Release|Any CPU.ActiveCfg = Release|Any CPU
		{5D13321B-4925-4CE7-BFC8-BC79DF093DD7}.Release|Any CPU.Build.0 = Release|Any CPU
	EndGlobalSection
	GlobalSection(SolutionProperties) = preSolution
		HideSolutionNode = FALSE
	EndGlobalSection
	GlobalSection(ExtensibilityGlobals) = postSolution
		SolutionGuid = {EC300C6E-1970-4A0A-A969-3FF3911E65AF}
	EndGlobalSection
EndGlobal
