
Microsoft Visual Studio Solution File, Format Version 12.00
# Visual Studio 15
VisualStudioVersion = 15.0.28010.2026
MinimumVisualStudioVersion = 10.0.40219.1
Project("{2150E333-8FDC-42A3-9474-1A3956D46DE8}") = "Tip04-ViewSVGFiles", "Tip04-ViewSVGFiles", "{E1334791-4EBC-4B3F-8361-D0BAF11B6ACD}"
EndProject
Global
	GlobalSection(SolutionProperties) = preSolution
		HideSolutionNode = FALSE
	EndGlobalSection
	GlobalSection(ExtensibilityGlobals) = postSolution
		SolutionGuid = {EC300C6E-1970-4A0A-A969-3FF3911E65AF}
	EndGlobalSection
EndGlobal
